
Microsoft Visual Studio Solution File, Format Version 12.00
# Visual Studio Version 17
VisualStudioVersion = 17.5.002.0
MinimumVisualStudioVersion = 10.0.40219.1
Project("{2150E333-8FDC-42A3-9474-1A3956D46DE8}") = "Examples", "Examples", "{6A377456-35AD-4EA3-A04B-D8E0510FDE6C}"
EndProject
Project("{9A19103F-16F7-4668-BE54-9A1E7A4F7556}") = "Example001_HelloConsole", "Examples\Example001_HelloConsole\Example001_HelloConsole.csproj", "{BF208700-A823-4F44-83C4-E932D682E766}"
EndProject
Project("{9A19103F-16F7-4668-BE54-9A1E7A4F7556}") = "Example002_HelloUser", "Examples\Example002_HelloUser\Example002_HelloUser.csproj", "{8B01FF6D-58A9-4C36-B4A3-2513D8E4E490}"
EndProject
Project("{9A19103F-16F7-4668-BE54-9A1E7A4F7556}") = "Example003_Sum", "Examples\Example003_Sum\Example003_Sum.csproj", "{8CF7DB76-0D6F-4382-AB3D-3CE269A34513}"
EndProject
Project("{9A19103F-16F7-4668-BE54-9A1E7A4F7556}") = "Example004_Div", "Examples\Example004_Div\Example004_Div.csproj", "{CCCF45F1-A03B-4E51-9161-A85DB5E61C19}"
EndProject
Project("{9A19103F-16F7-4668-BE54-9A1E7A4F7556}") = "Example005_ConditionIfElse", "Examples\Example005_ConditionIfElse\Example005_ConditionIfElse.csproj", "{6523A915-F674-4674-AC0E-13CDB23A572F}"
EndProject
Project("{9A19103F-16F7-4668-BE54-9A1E7A4F7556}") = "Example006_Base", "Examples\Example006_Base\Example006_Base.csproj", "{9642012B-261A-4B30-83BD-BDC9F674B76D}"
EndProject
Project("{9A19103F-16F7-4668-BE54-9A1E7A4F7556}") = "Example007_Magic", "Examples\Example007_Magic\Example007_Magic.csproj", "{2BF244B9-932F-401D-9BF2-D432F99520AD}"
EndProject
Project("{9A19103F-16F7-4668-BE54-9A1E7A4F7556}") = "Example008_IntroMethod", "Examples\Example008_IntroMethod\Example008_IntroMethod.csproj", "{71995B3B-83A8-4F54-8947-B950C8ECBC90}"
EndProject
Project("{9A19103F-16F7-4668-BE54-9A1E7A4F7556}") = "Example009_IntroArray", "Examples\Example009_IntroArray\Example009_IntroArray.csproj", "{D9D94543-E887-4F1E-81BA-4485B285ED67}"
EndProject
Project("{9A19103F-16F7-4668-BE54-9A1E7A4F7556}") = "Example010_MethodArray", "Examples\Example010_MethodArray\Example010_MethodArray.csproj", "{8B51DA2C-26D5-466E-8E96-CABF7D2AB036}"
EndProject
Project("{9A19103F-16F7-4668-BE54-9A1E7A4F7556}") = "Example011_ArrayLibrary", "Examples\Example011_ArrayLibrary\Example011_ArrayLibrary.csproj", "{6537FD6C-0158-4F90-885A-A557E32649A1}"
EndProject
Project("{2150E333-8FDC-42A3-9474-1A3956D46DE8}") = "Autotest()s", "Autotest()s", "{E61315BD-A415-4980-9468-EC5F31788347}"
EndProject
Project("{9A19103F-16F7-4668-BE54-9A1E7A4F7556}") = "Autotest()001", "Autotest()s\Autotest()001\Autotest()001.csproj", "{AE7DE98B-3E9F-4399-9421-0429FB1376E9}"
EndProject
Project("{9A19103F-16F7-4668-BE54-9A1E7A4F7556}") = "Autotest()002", "Autotest()s\Autotest()002\Autotest()002.csproj", "{7BDB1464-810A-411D-A332-A9D6BC4252DE}"
EndProject
Project("{9A19103F-16F7-4668-BE54-9A1E7A4F7556}") = "Autotest()003", "Autotest()s\Autotest()003\Autotest()003.csproj", "{42EA44F8-FE1B-4623-9961-5EA7BF7FCF44}"
EndProject
Project("{2150E333-8FDC-42A3-9474-1A3956D46DE8}") = "task()s", "task()s", "{A4CAE4CB-6FC5-406B-A62D-90034E828D26}"
EndProject
Project("{9A19103F-16F7-4668-BE54-9A1E7A4F7556}") = "5.10_MORNING", "task()s\task()00_квадрат_числа\5.10_MORNING.csproj", "{3128F430-8F7A-4848-BB06-DF79166116F6}"
EndProject
Project("{9A19103F-16F7-4668-BE54-9A1E7A4F7556}") = "task()01", "task()s\task()01\task()01.csproj", "{B212D1AE-8FA5-459A-A591-CFF47231713E}"
EndProject
Project("{9A19103F-16F7-4668-BE54-9A1E7A4F7556}") = "task()02", "task()s\task()02\task()02.csproj", "{7B0357B7-40B7-4F93-85E0-F78A64190035}"
EndProject
Project("{9A19103F-16F7-4668-BE54-9A1E7A4F7556}") = "task()03", "task()s\task()03\task()03.csproj", "{45254A20-8887-4261-AED1-73B1E7E6A7FE}"
EndProject
Project("{9A19103F-16F7-4668-BE54-9A1E7A4F7556}") = "task()04", "task()s\task()04\task()04.csproj", "{48989A95-D93D-4E64-AC35-65BFACD80FA7}"
EndProject
Project("{9A19103F-16F7-4668-BE54-9A1E7A4F7556}") = "task()05", "task()s\task()05\task()05.csproj", "{BD7837FA-E61A-4A07-8F5B-2C1BC727B1FC}"
EndProject
Project("{9A19103F-16F7-4668-BE54-9A1E7A4F7556}") = "task()06", "task()s\task()06\task()06.csproj", "{8EDACCEE-1BA0-4EAF-B0CC-B63B93FFBE3E}"
EndProject
Project("{9A19103F-16F7-4668-BE54-9A1E7A4F7556}") = "task()07", "task()s\task()07\task()07.csproj", "{F34D1FA0-4746-4346-B187-823748F37F5A}"
EndProject
Project("{9A19103F-16F7-4668-BE54-9A1E7A4F7556}") = "task()08", "task()s\task()08\task()08.csproj", "{DD160C01-2B89-4EC0-BC0D-85ADD444A484}"
EndProject
Project("{9A19103F-16F7-4668-BE54-9A1E7A4F7556}") = "task()09", "task()s\task()09\task()09.csproj", "{DA031999-4345-4472-AD45-CDE62EDA2117}"
EndProject
Project("{9A19103F-16F7-4668-BE54-9A1E7A4F7556}") = "task()10", "task()s\task()10\task()10.csproj", "{4E6845BE-CD26-412A-915E-72490FE3757F}"
EndProject
Project("{9A19103F-16F7-4668-BE54-9A1E7A4F7556}") = "task()11", "task()s\task()11\task()11.csproj", "{2873CCB7-7B82-41AB-B4C4-0D048083FF70}"
EndProject
Project("{9A19103F-16F7-4668-BE54-9A1E7A4F7556}") = "task()12", "task()s\task()12\task()12.csproj", "{697EA3B2-0E5B-43D3-9EEE-D26748B2730A}"
EndProject
Project("{9A19103F-16F7-4668-BE54-9A1E7A4F7556}") = "task()13", "task()s\task()13\task()13.csproj", "{B306419C-0AE3-41DA-91CC-FD7D34536867}"
EndProject
Project("{9A19103F-16F7-4668-BE54-9A1E7A4F7556}") = "task()14", "task()s\task()14\task()14.csproj", "{4159D0A2-9713-4EA3-8FFA-DA944943CB0C}"
EndProject
Project("{9A19103F-16F7-4668-BE54-9A1E7A4F7556}") = "task()15", "task()s\task()15\task()15.csproj", "{943F7C68-640B-4DCB-A5C1-D49C9022F8F7}"
EndProject
Project("{9A19103F-16F7-4668-BE54-9A1E7A4F7556}") = "task()16", "task()s\task()16\task()16.csproj", "{424E5EED-0DF6-4F73-9814-36110891FA99}"
EndProject
Project("{9A19103F-16F7-4668-BE54-9A1E7A4F7556}") = "task()17", "task()s\task()17\task()17.csproj", "{ADBE736A-FF1C-43CC-B138-F916EB8A1398}"
EndProject
Project("{9A19103F-16F7-4668-BE54-9A1E7A4F7556}") = "task()18", "task()s\task()18\task()18.csproj", "{16A3BFB9-235E-4C45-AC8D-7ECFBEF8A798}"
EndProject
Project("{9A19103F-16F7-4668-BE54-9A1E7A4F7556}") = "task()20", "task()s\task()20\task()20.csproj", "{CFBED949-4DD3-4519-B3E4-5E5BB9D7D861}"
EndProject
Project("{9A19103F-16F7-4668-BE54-9A1E7A4F7556}") = "task()22", "task()s\task()22\task()22.csproj", "{A1C00C23-90E6-4158-BD34-410EAD85FD2B}"
EndProject
Global
	GlobalSection(SolutionConfigurationPlatforms) = preSolution
		Debug|Any CPU = Debug|Any CPU
		Release|Any CPU = Release|Any CPU
	EndGlobalSection
	GlobalSection(ProjectConfigurationPlatforms) = postSolution
		{BF208700-A823-4F44-83C4-E932D682E766}.Debug|Any CPU.ActiveCfg = Debug|Any CPU
		{BF208700-A823-4F44-83C4-E932D682E766}.Debug|Any CPU.Build.0 = Debug|Any CPU
		{BF208700-A823-4F44-83C4-E932D682E766}.Release|Any CPU.ActiveCfg = Release|Any CPU
		{BF208700-A823-4F44-83C4-E932D682E766}.Release|Any CPU.Build.0 = Release|Any CPU
		{8B01FF6D-58A9-4C36-B4A3-2513D8E4E490}.Debug|Any CPU.ActiveCfg = Debug|Any CPU
		{8B01FF6D-58A9-4C36-B4A3-2513D8E4E490}.Debug|Any CPU.Build.0 = Debug|Any CPU
		{8B01FF6D-58A9-4C36-B4A3-2513D8E4E490}.Release|Any CPU.ActiveCfg = Release|Any CPU
		{8B01FF6D-58A9-4C36-B4A3-2513D8E4E490}.Release|Any CPU.Build.0 = Release|Any CPU
		{8CF7DB76-0D6F-4382-AB3D-3CE269A34513}.Debug|Any CPU.ActiveCfg = Debug|Any CPU
		{8CF7DB76-0D6F-4382-AB3D-3CE269A34513}.Debug|Any CPU.Build.0 = Debug|Any CPU
		{8CF7DB76-0D6F-4382-AB3D-3CE269A34513}.Release|Any CPU.ActiveCfg = Release|Any CPU
		{8CF7DB76-0D6F-4382-AB3D-3CE269A34513}.Release|Any CPU.Build.0 = Release|Any CPU
		{CCCF45F1-A03B-4E51-9161-A85DB5E61C19}.Debug|Any CPU.ActiveCfg = Debug|Any CPU
		{CCCF45F1-A03B-4E51-9161-A85DB5E61C19}.Debug|Any CPU.Build.0 = Debug|Any CPU
		{CCCF45F1-A03B-4E51-9161-A85DB5E61C19}.Release|Any CPU.ActiveCfg = Release|Any CPU
		{CCCF45F1-A03B-4E51-9161-A85DB5E61C19}.Release|Any CPU.Build.0 = Release|Any CPU
		{6523A915-F674-4674-AC0E-13CDB23A572F}.Debug|Any CPU.ActiveCfg = Debug|Any CPU
		{6523A915-F674-4674-AC0E-13CDB23A572F}.Debug|Any CPU.Build.0 = Debug|Any CPU
		{6523A915-F674-4674-AC0E-13CDB23A572F}.Release|Any CPU.ActiveCfg = Release|Any CPU
		{6523A915-F674-4674-AC0E-13CDB23A572F}.Release|Any CPU.Build.0 = Release|Any CPU
		{9642012B-261A-4B30-83BD-BDC9F674B76D}.Debug|Any CPU.ActiveCfg = Debug|Any CPU
		{9642012B-261A-4B30-83BD-BDC9F674B76D}.Debug|Any CPU.Build.0 = Debug|Any CPU
		{9642012B-261A-4B30-83BD-BDC9F674B76D}.Release|Any CPU.ActiveCfg = Release|Any CPU
		{9642012B-261A-4B30-83BD-BDC9F674B76D}.Release|Any CPU.Build.0 = Release|Any CPU
		{2BF244B9-932F-401D-9BF2-D432F99520AD}.Debug|Any CPU.ActiveCfg = Debug|Any CPU
		{2BF244B9-932F-401D-9BF2-D432F99520AD}.Debug|Any CPU.Build.0 = Debug|Any CPU
		{2BF244B9-932F-401D-9BF2-D432F99520AD}.Release|Any CPU.ActiveCfg = Release|Any CPU
		{2BF244B9-932F-401D-9BF2-D432F99520AD}.Release|Any CPU.Build.0 = Release|Any CPU
		{71995B3B-83A8-4F54-8947-B950C8ECBC90}.Debug|Any CPU.ActiveCfg = Debug|Any CPU
		{71995B3B-83A8-4F54-8947-B950C8ECBC90}.Debug|Any CPU.Build.0 = Debug|Any CPU
		{71995B3B-83A8-4F54-8947-B950C8ECBC90}.Release|Any CPU.ActiveCfg = Release|Any CPU
		{71995B3B-83A8-4F54-8947-B950C8ECBC90}.Release|Any CPU.Build.0 = Release|Any CPU
		{D9D94543-E887-4F1E-81BA-4485B285ED67}.Debug|Any CPU.ActiveCfg = Debug|Any CPU
		{D9D94543-E887-4F1E-81BA-4485B285ED67}.Debug|Any CPU.Build.0 = Debug|Any CPU
		{D9D94543-E887-4F1E-81BA-4485B285ED67}.Release|Any CPU.ActiveCfg = Release|Any CPU
		{D9D94543-E887-4F1E-81BA-4485B285ED67}.Release|Any CPU.Build.0 = Release|Any CPU
		{8B51DA2C-26D5-466E-8E96-CABF7D2AB036}.Debug|Any CPU.ActiveCfg = Debug|Any CPU
		{8B51DA2C-26D5-466E-8E96-CABF7D2AB036}.Debug|Any CPU.Build.0 = Debug|Any CPU
		{8B51DA2C-26D5-466E-8E96-CABF7D2AB036}.Release|Any CPU.ActiveCfg = Release|Any CPU
		{8B51DA2C-26D5-466E-8E96-CABF7D2AB036}.Release|Any CPU.Build.0 = Release|Any CPU
		{6537FD6C-0158-4F90-885A-A557E32649A1}.Debug|Any CPU.ActiveCfg = Debug|Any CPU
		{6537FD6C-0158-4F90-885A-A557E32649A1}.Debug|Any CPU.Build.0 = Debug|Any CPU
		{6537FD6C-0158-4F90-885A-A557E32649A1}.Release|Any CPU.ActiveCfg = Release|Any CPU
		{6537FD6C-0158-4F90-885A-A557E32649A1}.Release|Any CPU.Build.0 = Release|Any CPU
		{AE7DE98B-3E9F-4399-9421-0429FB1376E9}.Debug|Any CPU.ActiveCfg = Debug|Any CPU
		{AE7DE98B-3E9F-4399-9421-0429FB1376E9}.Debug|Any CPU.Build.0 = Debug|Any CPU
		{AE7DE98B-3E9F-4399-9421-0429FB1376E9}.Release|Any CPU.ActiveCfg = Release|Any CPU
		{AE7DE98B-3E9F-4399-9421-0429FB1376E9}.Release|Any CPU.Build.0 = Release|Any CPU
		{7BDB1464-810A-411D-A332-A9D6BC4252DE}.Debug|Any CPU.ActiveCfg = Debug|Any CPU
		{7BDB1464-810A-411D-A332-A9D6BC4252DE}.Debug|Any CPU.Build.0 = Debug|Any CPU
		{7BDB1464-810A-411D-A332-A9D6BC4252DE}.Release|Any CPU.ActiveCfg = Release|Any CPU
		{7BDB1464-810A-411D-A332-A9D6BC4252DE}.Release|Any CPU.Build.0 = Release|Any CPU
		{42EA44F8-FE1B-4623-9961-5EA7BF7FCF44}.Debug|Any CPU.ActiveCfg = Debug|Any CPU
		{42EA44F8-FE1B-4623-9961-5EA7BF7FCF44}.Debug|Any CPU.Build.0 = Debug|Any CPU
		{42EA44F8-FE1B-4623-9961-5EA7BF7FCF44}.Release|Any CPU.ActiveCfg = Release|Any CPU
		{42EA44F8-FE1B-4623-9961-5EA7BF7FCF44}.Release|Any CPU.Build.0 = Release|Any CPU
		{3128F430-8F7A-4848-BB06-DF79166116F6}.Debug|Any CPU.ActiveCfg = Debug|Any CPU
		{3128F430-8F7A-4848-BB06-DF79166116F6}.Debug|Any CPU.Build.0 = Debug|Any CPU
		{3128F430-8F7A-4848-BB06-DF79166116F6}.Release|Any CPU.ActiveCfg = Release|Any CPU
		{3128F430-8F7A-4848-BB06-DF79166116F6}.Release|Any CPU.Build.0 = Release|Any CPU
		{B212D1AE-8FA5-459A-A591-CFF47231713E}.Debug|Any CPU.ActiveCfg = Debug|Any CPU
		{B212D1AE-8FA5-459A-A591-CFF47231713E}.Debug|Any CPU.Build.0 = Debug|Any CPU
		{B212D1AE-8FA5-459A-A591-CFF47231713E}.Release|Any CPU.ActiveCfg = Release|Any CPU
		{B212D1AE-8FA5-459A-A591-CFF47231713E}.Release|Any CPU.Build.0 = Release|Any CPU
		{7B0357B7-40B7-4F93-85E0-F78A64190035}.Debug|Any CPU.ActiveCfg = Debug|Any CPU
		{7B0357B7-40B7-4F93-85E0-F78A64190035}.Debug|Any CPU.Build.0 = Debug|Any CPU
		{7B0357B7-40B7-4F93-85E0-F78A64190035}.Release|Any CPU.ActiveCfg = Release|Any CPU
		{7B0357B7-40B7-4F93-85E0-F78A64190035}.Release|Any CPU.Build.0 = Release|Any CPU
		{45254A20-8887-4261-AED1-73B1E7E6A7FE}.Debug|Any CPU.ActiveCfg = Debug|Any CPU
		{45254A20-8887-4261-AED1-73B1E7E6A7FE}.Debug|Any CPU.Build.0 = Debug|Any CPU
		{45254A20-8887-4261-AED1-73B1E7E6A7FE}.Release|Any CPU.ActiveCfg = Release|Any CPU
		{45254A20-8887-4261-AED1-73B1E7E6A7FE}.Release|Any CPU.Build.0 = Release|Any CPU
		{48989A95-D93D-4E64-AC35-65BFACD80FA7}.Debug|Any CPU.ActiveCfg = Debug|Any CPU
		{48989A95-D93D-4E64-AC35-65BFACD80FA7}.Debug|Any CPU.Build.0 = Debug|Any CPU
		{48989A95-D93D-4E64-AC35-65BFACD80FA7}.Release|Any CPU.ActiveCfg = Release|Any CPU
		{48989A95-D93D-4E64-AC35-65BFACD80FA7}.Release|Any CPU.Build.0 = Release|Any CPU
		{BD7837FA-E61A-4A07-8F5B-2C1BC727B1FC}.Debug|Any CPU.ActiveCfg = Debug|Any CPU
		{BD7837FA-E61A-4A07-8F5B-2C1BC727B1FC}.Debug|Any CPU.Build.0 = Debug|Any CPU
		{BD7837FA-E61A-4A07-8F5B-2C1BC727B1FC}.Release|Any CPU.ActiveCfg = Release|Any CPU
		{BD7837FA-E61A-4A07-8F5B-2C1BC727B1FC}.Release|Any CPU.Build.0 = Release|Any CPU
		{8EDACCEE-1BA0-4EAF-B0CC-B63B93FFBE3E}.Debug|Any CPU.ActiveCfg = Debug|Any CPU
		{8EDACCEE-1BA0-4EAF-B0CC-B63B93FFBE3E}.Debug|Any CPU.Build.0 = Debug|Any CPU
		{8EDACCEE-1BA0-4EAF-B0CC-B63B93FFBE3E}.Release|Any CPU.ActiveCfg = Release|Any CPU
		{8EDACCEE-1BA0-4EAF-B0CC-B63B93FFBE3E}.Release|Any CPU.Build.0 = Release|Any CPU
		{F34D1FA0-4746-4346-B187-823748F37F5A}.Debug|Any CPU.ActiveCfg = Debug|Any CPU
		{F34D1FA0-4746-4346-B187-823748F37F5A}.Debug|Any CPU.Build.0 = Debug|Any CPU
		{F34D1FA0-4746-4346-B187-823748F37F5A}.Release|Any CPU.ActiveCfg = Release|Any CPU
		{F34D1FA0-4746-4346-B187-823748F37F5A}.Release|Any CPU.Build.0 = Release|Any CPU
		{DD160C01-2B89-4EC0-BC0D-85ADD444A484}.Debug|Any CPU.ActiveCfg = Debug|Any CPU
		{DD160C01-2B89-4EC0-BC0D-85ADD444A484}.Debug|Any CPU.Build.0 = Debug|Any CPU
		{DD160C01-2B89-4EC0-BC0D-85ADD444A484}.Release|Any CPU.ActiveCfg = Release|Any CPU
		{DD160C01-2B89-4EC0-BC0D-85ADD444A484}.Release|Any CPU.Build.0 = Release|Any CPU
		{DA031999-4345-4472-AD45-CDE62EDA2117}.Debug|Any CPU.ActiveCfg = Debug|Any CPU
		{DA031999-4345-4472-AD45-CDE62EDA2117}.Debug|Any CPU.Build.0 = Debug|Any CPU
		{DA031999-4345-4472-AD45-CDE62EDA2117}.Release|Any CPU.ActiveCfg = Release|Any CPU
		{DA031999-4345-4472-AD45-CDE62EDA2117}.Release|Any CPU.Build.0 = Release|Any CPU
		{4E6845BE-CD26-412A-915E-72490FE3757F}.Debug|Any CPU.ActiveCfg = Debug|Any CPU
		{4E6845BE-CD26-412A-915E-72490FE3757F}.Debug|Any CPU.Build.0 = Debug|Any CPU
		{4E6845BE-CD26-412A-915E-72490FE3757F}.Release|Any CPU.ActiveCfg = Release|Any CPU
		{4E6845BE-CD26-412A-915E-72490FE3757F}.Release|Any CPU.Build.0 = Release|Any CPU
		{2873CCB7-7B82-41AB-B4C4-0D048083FF70}.Debug|Any CPU.ActiveCfg = Debug|Any CPU
		{2873CCB7-7B82-41AB-B4C4-0D048083FF70}.Debug|Any CPU.Build.0 = Debug|Any CPU
		{2873CCB7-7B82-41AB-B4C4-0D048083FF70}.Release|Any CPU.ActiveCfg = Release|Any CPU
		{2873CCB7-7B82-41AB-B4C4-0D048083FF70}.Release|Any CPU.Build.0 = Release|Any CPU
		{697EA3B2-0E5B-43D3-9EEE-D26748B2730A}.Debug|Any CPU.ActiveCfg = Debug|Any CPU
		{697EA3B2-0E5B-43D3-9EEE-D26748B2730A}.Debug|Any CPU.Build.0 = Debug|Any CPU
		{697EA3B2-0E5B-43D3-9EEE-D26748B2730A}.Release|Any CPU.ActiveCfg = Release|Any CPU
		{697EA3B2-0E5B-43D3-9EEE-D26748B2730A}.Release|Any CPU.Build.0 = Release|Any CPU
		{B306419C-0AE3-41DA-91CC-FD7D34536867}.Debug|Any CPU.ActiveCfg = Debug|Any CPU
		{B306419C-0AE3-41DA-91CC-FD7D34536867}.Debug|Any CPU.Build.0 = Debug|Any CPU
		{B306419C-0AE3-41DA-91CC-FD7D34536867}.Release|Any CPU.ActiveCfg = Release|Any CPU
		{B306419C-0AE3-41DA-91CC-FD7D34536867}.Release|Any CPU.Build.0 = Release|Any CPU
		{4159D0A2-9713-4EA3-8FFA-DA944943CB0C}.Debug|Any CPU.ActiveCfg = Debug|Any CPU
		{4159D0A2-9713-4EA3-8FFA-DA944943CB0C}.Debug|Any CPU.Build.0 = Debug|Any CPU
		{4159D0A2-9713-4EA3-8FFA-DA944943CB0C}.Release|Any CPU.ActiveCfg = Release|Any CPU
		{4159D0A2-9713-4EA3-8FFA-DA944943CB0C}.Release|Any CPU.Build.0 = Release|Any CPU
		{943F7C68-640B-4DCB-A5C1-D49C9022F8F7}.Debug|Any CPU.ActiveCfg = Debug|Any CPU
		{943F7C68-640B-4DCB-A5C1-D49C9022F8F7}.Debug|Any CPU.Build.0 = Debug|Any CPU
		{943F7C68-640B-4DCB-A5C1-D49C9022F8F7}.Release|Any CPU.ActiveCfg = Release|Any CPU
		{943F7C68-640B-4DCB-A5C1-D49C9022F8F7}.Release|Any CPU.Build.0 = Release|Any CPU
		{424E5EED-0DF6-4F73-9814-36110891FA99}.Debug|Any CPU.ActiveCfg = Debug|Any CPU
		{424E5EED-0DF6-4F73-9814-36110891FA99}.Debug|Any CPU.Build.0 = Debug|Any CPU
		{424E5EED-0DF6-4F73-9814-36110891FA99}.Release|Any CPU.ActiveCfg = Release|Any CPU
		{424E5EED-0DF6-4F73-9814-36110891FA99}.Release|Any CPU.Build.0 = Release|Any CPU
		{ADBE736A-FF1C-43CC-B138-F916EB8A1398}.Debug|Any CPU.ActiveCfg = Debug|Any CPU
		{ADBE736A-FF1C-43CC-B138-F916EB8A1398}.Debug|Any CPU.Build.0 = Debug|Any CPU
		{ADBE736A-FF1C-43CC-B138-F916EB8A1398}.Release|Any CPU.ActiveCfg = Release|Any CPU
		{ADBE736A-FF1C-43CC-B138-F916EB8A1398}.Release|Any CPU.Build.0 = Release|Any CPU
		{16A3BFB9-235E-4C45-AC8D-7ECFBEF8A798}.Debug|Any CPU.ActiveCfg = Debug|Any CPU
		{16A3BFB9-235E-4C45-AC8D-7ECFBEF8A798}.Debug|Any CPU.Build.0 = Debug|Any CPU
		{16A3BFB9-235E-4C45-AC8D-7ECFBEF8A798}.Release|Any CPU.ActiveCfg = Release|Any CPU
		{16A3BFB9-235E-4C45-AC8D-7ECFBEF8A798}.Release|Any CPU.Build.0 = Release|Any CPU
		{CFBED949-4DD3-4519-B3E4-5E5BB9D7D861}.Debug|Any CPU.ActiveCfg = Debug|Any CPU
		{CFBED949-4DD3-4519-B3E4-5E5BB9D7D861}.Debug|Any CPU.Build.0 = Debug|Any CPU
		{CFBED949-4DD3-4519-B3E4-5E5BB9D7D861}.Release|Any CPU.ActiveCfg = Release|Any CPU
		{CFBED949-4DD3-4519-B3E4-5E5BB9D7D861}.Release|Any CPU.Build.0 = Release|Any CPU
		{A1C00C23-90E6-4158-BD34-410EAD85FD2B}.Debug|Any CPU.ActiveCfg = Debug|Any CPU
		{A1C00C23-90E6-4158-BD34-410EAD85FD2B}.Debug|Any CPU.Build.0 = Debug|Any CPU
		{A1C00C23-90E6-4158-BD34-410EAD85FD2B}.Release|Any CPU.ActiveCfg = Release|Any CPU
		{A1C00C23-90E6-4158-BD34-410EAD85FD2B}.Release|Any CPU.Build.0 = Release|Any CPU
	EndGlobalSection
	GlobalSection(SolutionProperties) = preSolution
		HideSolutionNode = FALSE
	EndGlobalSection
	GlobalSection(NestedProjects) = preSolution
		{BF208700-A823-4F44-83C4-E932D682E766} = {6A377456-35AD-4EA3-A04B-D8E0510FDE6C}
		{8B01FF6D-58A9-4C36-B4A3-2513D8E4E490} = {6A377456-35AD-4EA3-A04B-D8E0510FDE6C}
		{8CF7DB76-0D6F-4382-AB3D-3CE269A34513} = {6A377456-35AD-4EA3-A04B-D8E0510FDE6C}
		{CCCF45F1-A03B-4E51-9161-A85DB5E61C19} = {6A377456-35AD-4EA3-A04B-D8E0510FDE6C}
		{6523A915-F674-4674-AC0E-13CDB23A572F} = {6A377456-35AD-4EA3-A04B-D8E0510FDE6C}
		{9642012B-261A-4B30-83BD-BDC9F674B76D} = {6A377456-35AD-4EA3-A04B-D8E0510FDE6C}
		{2BF244B9-932F-401D-9BF2-D432F99520AD} = {6A377456-35AD-4EA3-A04B-D8E0510FDE6C}
		{71995B3B-83A8-4F54-8947-B950C8ECBC90} = {6A377456-35AD-4EA3-A04B-D8E0510FDE6C}
		{D9D94543-E887-4F1E-81BA-4485B285ED67} = {6A377456-35AD-4EA3-A04B-D8E0510FDE6C}
		{8B51DA2C-26D5-466E-8E96-CABF7D2AB036} = {6A377456-35AD-4EA3-A04B-D8E0510FDE6C}
		{6537FD6C-0158-4F90-885A-A557E32649A1} = {6A377456-35AD-4EA3-A04B-D8E0510FDE6C}
		{AE7DE98B-3E9F-4399-9421-0429FB1376E9} = {E61315BD-A415-4980-9468-EC5F31788347}
		{7BDB1464-810A-411D-A332-A9D6BC4252DE} = {E61315BD-A415-4980-9468-EC5F31788347}
		{42EA44F8-FE1B-4623-9961-5EA7BF7FCF44} = {E61315BD-A415-4980-9468-EC5F31788347}
		{3128F430-8F7A-4848-BB06-DF79166116F6} = {A4CAE4CB-6FC5-406B-A62D-90034E828D26}
		{B212D1AE-8FA5-459A-A591-CFF47231713E} = {A4CAE4CB-6FC5-406B-A62D-90034E828D26}
		{7B0357B7-40B7-4F93-85E0-F78A64190035} = {A4CAE4CB-6FC5-406B-A62D-90034E828D26}
		{45254A20-8887-4261-AED1-73B1E7E6A7FE} = {A4CAE4CB-6FC5-406B-A62D-90034E828D26}
		{48989A95-D93D-4E64-AC35-65BFACD80FA7} = {A4CAE4CB-6FC5-406B-A62D-90034E828D26}
		{BD7837FA-E61A-4A07-8F5B-2C1BC727B1FC} = {A4CAE4CB-6FC5-406B-A62D-90034E828D26}
		{8EDACCEE-1BA0-4EAF-B0CC-B63B93FFBE3E} = {A4CAE4CB-6FC5-406B-A62D-90034E828D26}
		{F34D1FA0-4746-4346-B187-823748F37F5A} = {A4CAE4CB-6FC5-406B-A62D-90034E828D26}
		{DD160C01-2B89-4EC0-BC0D-85ADD444A484} = {A4CAE4CB-6FC5-406B-A62D-90034E828D26}
		{DA031999-4345-4472-AD45-CDE62EDA2117} = {A4CAE4CB-6FC5-406B-A62D-90034E828D26}
		{4E6845BE-CD26-412A-915E-72490FE3757F} = {A4CAE4CB-6FC5-406B-A62D-90034E828D26}
		{2873CCB7-7B82-41AB-B4C4-0D048083FF70} = {A4CAE4CB-6FC5-406B-A62D-90034E828D26}
		{697EA3B2-0E5B-43D3-9EEE-D26748B2730A} = {A4CAE4CB-6FC5-406B-A62D-90034E828D26}
		{B306419C-0AE3-41DA-91CC-FD7D34536867} = {A4CAE4CB-6FC5-406B-A62D-90034E828D26}
		{4159D0A2-9713-4EA3-8FFA-DA944943CB0C} = {A4CAE4CB-6FC5-406B-A62D-90034E828D26}
		{943F7C68-640B-4DCB-A5C1-D49C9022F8F7} = {A4CAE4CB-6FC5-406B-A62D-90034E828D26}
		{424E5EED-0DF6-4F73-9814-36110891FA99} = {A4CAE4CB-6FC5-406B-A62D-90034E828D26}
		{ADBE736A-FF1C-43CC-B138-F916EB8A1398} = {A4CAE4CB-6FC5-406B-A62D-90034E828D26}
		{16A3BFB9-235E-4C45-AC8D-7ECFBEF8A798} = {A4CAE4CB-6FC5-406B-A62D-90034E828D26}
		{CFBED949-4DD3-4519-B3E4-5E5BB9D7D861} = {A4CAE4CB-6FC5-406B-A62D-90034E828D26}
		{A1C00C23-90E6-4158-BD34-410EAD85FD2B} = {A4CAE4CB-6FC5-406B-A62D-90034E828D26}
	EndGlobalSection
	GlobalSection(ExtensibilityGlobals) = postSolution
		SolutionGuid = {9E395FEE-99DE-42FE-A5CD-A9599051FD61}
	EndGlobalSection
EndGlobal
